
Microsoft Visual Studio Solution File, Format Version 12.00
# Visual Studio Version 17
VisualStudioVersion = 17.4.33205.214
MinimumVisualStudioVersion = 10.0.40219.1
Project("{888888A0-9F3D-457C-B088-3A5042F75D52}") = "PythonKar1", "PythonKar1.pyproj", "{BE0D4BF9-6D39-45A6-BDD8-3836FCCF48B4}"
EndProject
Global
	GlobalSection(SolutionConfigurationPlatforms) = preSolution
		Debug|Any CPU = Debug|Any CPU
		Release|Any CPU = Release|Any CPU
	EndGlobalSection
	GlobalSection(ProjectConfigurationPlatforms) = postSolution
		{BE0D4BF9-6D39-45A6-BDD8-3836FCCF48B4}.Debug|Any CPU.ActiveCfg = Debug|Any CPU
		{BE0D4BF9-6D39-45A6-BDD8-3836FCCF48B4}.Release|Any CPU.ActiveCfg = Release|Any CPU
	EndGlobalSection
	GlobalSection(SolutionProperties) = preSolution
		HideSolutionNode = FALSE
	EndGlobalSection
	GlobalSection(ExtensibilityGlobals) = postSolution
		SolutionGuid = {8E42C77E-8FDA-4B46-8A74-462989C7444D}
	EndGlobalSection
EndGlobal
